{
  "_purpose": "sha256 of every shipped fork governance body + manifest (tamper-detect baseline)",
  "entries": [
    {
      "file": "AGENTS.md",
      "sha256": "52414efa4289281a6070a0fabdf08a97045197a90a072ca0a7550f01e79203c3",
      "source": "AGENTS.md(root)"
    },
    {
      "file": "codex/agents/skills/independent-review/SKILL.md",
      "sha256": "4e0505a31083d5f07500ef0ea68726d7fe4986ef5541edddad5b10b5bbb2dc20",
      "source": "gen-codex-adapter.mjs"
    },
    {
      "file": "codex/hooks.json",
      "sha256": "3b09d8d4a1dab1213842ede807b0473e3521ad5b7b7536967da320db8f34ed85",
      "source": "gen-codex-adapter.mjs PROJECTED ∩ fork classification"
    },
    {
      "file": "hooks/block_prototype_imports.py",
      "sha256": "ee24825dc67147f38acdd7006ff8ed370079d30205425ebd38fadb1ec0e31331",
      "sourceHook": "block_prototype_imports.py",
      "bucket": "SHIP_AS_IS"
    },
    {
      "file": "hooks/check_chrome_header_avatar_canonical.sh",
      "sha256": "ffa91559c19d3f2aab50c69c4b247c15a29376d10b116f6223afb3289b4f91a2",
      "sourceHook": "check_chrome_header_avatar_canonical.sh",
      "bucket": "SHIP_AS_IS"
    },
    {
      "file": "hooks/check_consumer_app_invariants.sh",
      "sha256": "aff11b68728f47313452a1a03563075f36c9911494dd99b7d182b40936e0a5b4",
      "sourceHook": "check_consumer_app_invariants.sh",
      "bucket": "SHIP_AS_IS"
    },
    {
      "file": "hooks/check_ds_anchor_preflight.sh",
      "sha256": "df682a95a88b52f8278722907c5ed29e61d31c0cd13d7c2112a3f9cae4bc38b1",
      "sourceHook": "check_ds_anchor_preflight.sh",
      "bucket": "SHIP_REWRITTEN"
    },
    {
      "file": "hooks/check_dynamic_tailwind_class.sh",
      "sha256": "b90127463aa9efeda646b400d5534a7cf1ce2fa0467bbd46a7c3c76e9ef0232b",
      "sourceHook": "check_dynamic_tailwind_class.sh",
      "bucket": "SHIP_AS_IS"
    },
    {
      "file": "hooks/check_escape_marker_abuse.sh",
      "sha256": "acf5669cd31b97aa59bc66b045187292743b1330530b6eddb677458f707efca1",
      "sourceHook": "check_escape_marker_abuse.sh",
      "bucket": "SHIP_REWRITTEN"
    },
    {
      "file": "hooks/check_field_family_invariants.sh",
      "sha256": "9646c15d877a262870be0928760187cff8d8327e50e302276ae73709848f48e1",
      "sourceHook": "check_field_family_invariants.sh",
      "bucket": "SHIP_AS_IS"
    },
    {
      "file": "hooks/check_fork_product_quality.sh",
      "sha256": "1985d7607de85ae71b07b4b302c27b3dbb51670bbe68421489e27c75a2b64ffa",
      "sourceHook": "check_substantive_edit_approval_preflight.sh",
      "bucket": "REPLACE"
    },
    {
      "file": "hooks/check_item_list_gap.sh",
      "sha256": "4e779e5894f16873f1bc322f64571a7ff869d3b75ed5383a5b0f662c7b533d99",
      "sourceHook": "check_item_list_gap.sh",
      "bucket": "SHIP_AS_IS"
    },
    {
      "file": "hooks/check_layout_space_magic_numbers.sh",
      "sha256": "24526e2ac3af5d97307232d572578c56ab8a1674db4666f903a770c2b8099863",
      "sourceHook": "check_layout_space_magic_numbers.sh",
      "bucket": "SHIP_AS_IS"
    },
    {
      "file": "hooks/check_opacity_token_usage.sh",
      "sha256": "2fb9e94653540d596948683a5a8522a1286722eeb7b4297baaea852836a847fc",
      "sourceHook": "check_opacity_token_usage.sh",
      "bucket": "SHIP_REWRITTEN"
    },
    {
      "file": "hooks/check_pattern_invariants.sh",
      "sha256": "c6cf3288cbc2bdb689091aef678073470f58b7f1bf98cdefb55afc9724ad277b",
      "sourceHook": "check_pattern_invariants.sh",
      "bucket": "SHIP_AS_IS"
    },
    {
      "file": "hooks/check_sidebar_menu_button_implicit_wrap.sh",
      "sha256": "240807737e9c75bd137a8abd9a7194ffcb4a92b1015f626f14539fd8dbf73ea8",
      "sourceHook": "check_sidebar_menu_button_implicit_wrap.sh",
      "bucket": "SHIP_AS_IS"
    },
    {
      "file": "hooks/check_story_determinism.sh",
      "sha256": "5ba8c0da0680528241772b90d38b7e4ebe3886b9fa2703b9237bdc62ef9d8720",
      "sourceHook": "check_story_determinism.sh",
      "bucket": "SHIP_AS_IS"
    },
    {
      "file": "hooks/check_story_invariants.sh",
      "sha256": "913b84ff4a84f100c7fe31b3ba570af0fd408ccffb3a6ed68952b0e117552322",
      "sourceHook": "check_story_invariants.sh",
      "bucket": "SHIP_REWRITTEN"
    },
    {
      "file": "hooks/check_tabs_content_chrome_body_double_gap.sh",
      "sha256": "56e54c8383a12ae489f1747a96d8b7deafb591498c2d596fc2e955b35c04bfc7",
      "sourceHook": "check_tabs_content_chrome_body_double_gap.sh",
      "bucket": "SHIP_AS_IS"
    },
    {
      "file": "hooks/check_tailwind_wildcard_in_docs.sh",
      "sha256": "51fcf04d3adc2a15b6c06312753e51412ed8ff88d088a5e8fe4ec0c784c7aa96",
      "sourceHook": "check_tailwind_wildcard_in_docs.sh",
      "bucket": "SHIP_AS_IS"
    },
    {
      "file": "hooks/inject_deploy_url_after_push.sh",
      "sha256": "091ab70b5088bc25f947eea42915d91df3eb73bd6137df8a8c235093c25ff567",
      "sourceHook": "inject_deploy_url_after_push.sh",
      "bucket": "SHIP_REWRITTEN"
    },
    {
      "file": "launchers/fork-governance-dispatcher.sh",
      "sha256": "6a99ad2d7404a4d721a611a19e4537ebfe8cf5e2ddba99edc7f6b386d86e8b5d",
      "source": "template/.claude/hooks"
    },
    {
      "file": "launchers/inject_fork_governance_preamble.sh",
      "sha256": "06bc80989782d15704a562cd9a7b2c13c063c89f1ee3a6bbfc807056825b20c7",
      "source": "template/.claude/hooks"
    },
    {
      "file": "launchers/settings-hooks.json",
      "sha256": "04f328ae97687e112995288bff2c1fa8c9feecf25335f4b63036964209e7b402",
      "source": "template/.claude/settings.json"
    },
    {
      "file": "manifest.json",
      "sha256": "843d8d8ecd8536e9524e944e68602fa3b802f4a5aa40d6a77e0ff381d1bd3940"
    },
    {
      "file": "preamble.md",
      "sha256": "70f3402061f420c9026d5cd69ac3f070fd3457cb8ad506685372fcda1b2be1fb"
    },
    {
      "file": "skills/bug-fix-rhythm/SKILL.md",
      "sha256": "aada1314d2b85ba8e866da75f7ff56f3922197d5a738956aa3cb7b469e40ae45"
    },
    {
      "file": "skills/code-quality-audit/SKILL.md",
      "sha256": "376120afbbea7052ec84ab04a36d93ee14671d9d430ec72642a8b53dd87c148c"
    },
    {
      "file": "skills/delivery-handoff/references/flow-diagram.md",
      "sha256": "b750d5117c92a1d0cde53283951a6848a1d3baa69ef6253cdc308a49720281df"
    },
    {
      "file": "skills/delivery-handoff/references/handoff-template.md",
      "sha256": "7985469e96766da72032c7aad84e00efbbe0223dcaf7eb6df680b2f31c4d6a6e"
    },
    {
      "file": "skills/delivery-handoff/references/inventory-checklist.md",
      "sha256": "7be9cbe37788183aad8032373e22f5ca63e05f94f4232784a79f20bc3d122b75"
    },
    {
      "file": "skills/delivery-handoff/SKILL.md",
      "sha256": "ef82a6d8f0dbefb3ff6e48042a3346ef96d263a60477cdcd43d46628f5632e68"
    },
    {
      "file": "skills/performance-audit/SKILL.md",
      "sha256": "71b63f44f90fa0bfeb1c63e589757bdb917f2d57ea9cf754c9c1b47808716061"
    },
    {
      "file": "skills/product-ui-audit/references/audit-checks.md",
      "sha256": "4dd879a1c983dedc29520762313b22e3b4d38cb395afe8ca1ecb43eb5e52ef83"
    },
    {
      "file": "skills/product-ui-audit/references/common-misuses.md",
      "sha256": "5afa85d18b559d1ccb182b50489bd1744968d07203558f8efbccf4444b46b942"
    },
    {
      "file": "skills/product-ui-audit/references/report-template.md",
      "sha256": "a847aba70e7c8f8cd620420f8d34d7f818070253ece5cdb1010bec16f71f5f57"
    },
    {
      "file": "skills/product-ui-audit/SKILL.md",
      "sha256": "1664a8ecb327469056182f0e3bb9951379165210e19a13b8a90714a6ddce4b18"
    },
    {
      "file": "skills/propose-options/SKILL.md",
      "sha256": "6b8bdf866d45e25a620d1ea8cb0da9292cf3d80c7788d14508325a7d8d11d267"
    },
    {
      "file": "skills/prototype/references/audit-checks.md",
      "sha256": "6f17d6b4bc6ae94eedef8c39b68d4ab1baec92ef1035eeab462e17239c2803e3"
    },
    {
      "file": "skills/prototype/references/benchmark-sources.md",
      "sha256": "5bf8b038d2476c38c72cbb808f75e023655eaa7735d72c3e6071e199307e594b"
    },
    {
      "file": "skills/prototype/references/checkpoints.md",
      "sha256": "b37d72ad57392a6dbc75398bd9f9b92868346245530b8bddfbda4729744def33"
    },
    {
      "file": "skills/prototype/references/evaluation-matrix.md",
      "sha256": "575385e5250ecbe96068a94f71521e5d0bf9a1a33873c79500708ab620067be8"
    },
    {
      "file": "skills/prototype/references/ooux-template.md",
      "sha256": "7fda191d66844a765a67c4eae6c5c5cd54c45a2b40feff68fa54d33e24639486"
    },
    {
      "file": "skills/prototype/references/proposal-template.md",
      "sha256": "ec54bb412c255be03dd0269b708be8e8d4797f8bd58f4954a6dc52f955a9a8c6"
    },
    {
      "file": "skills/prototype/SKILL.md",
      "sha256": "c4b09bf7481d5f14375a5f22a4da2411047405811bc42490c0711b740265bd7f"
    },
    {
      "file": "skills/scan-similar-bugs/SKILL.md",
      "sha256": "4a47af39ee04a7ee7aee0f92f00c09296b083b9310a55e01c85538798ed31593"
    },
    {
      "file": "skills/ux-audit/SKILL.md",
      "sha256": "833d90921a8b5c51a4a93d17525d51cd81f75d6dc00c7c40f1872d5329088a13"
    },
    {
      "file": "skills/visual-audit/output/.gitkeep",
      "sha256": "e3b0c44298fc1c149afbf4c8996fb92427ae41e4649b934ca495991b7852b855"
    },
    {
      "file": "skills/visual-audit/references/audit-architecture.md",
      "sha256": "48c931ad559c1e37ecebd08d289509692c79d9c92d2574f65e89bf286b7c95cf"
    },
    {
      "file": "skills/visual-audit/references/visual-checklist.md",
      "sha256": "1d2d366122227b0665135c9a9f3138385d369996ad870ffa1c58402753b22bd0"
    },
    {
      "file": "skills/visual-audit/references/world-class-benchmarks.md",
      "sha256": "bdb46cb8d1f164c141e0e7092932a787674fe5bd4defe88ad2ca91d2cfb76bdf"
    },
    {
      "file": "skills/visual-audit/SKILL.md",
      "sha256": "ccf7065ff856f1de095506fb41223c17b31b5602bc94a1c71e6d1871ef2c5a8e"
    }
  ]
}
