{
  "_purpose": "sha256 of every shipped fork governance body + manifest (tamper-detect baseline)",
  "entries": [
    {
      "file": "hooks/block_prototype_imports.py",
      "sha256": "0ab679ddb522f508c490891711559175a912be8b7f4db04d8a55cdac983fd482",
      "sourceHook": "block_prototype_imports.py",
      "bucket": "SHIP_AS_IS"
    },
    {
      "file": "hooks/check_chrome_header_avatar_canonical.sh",
      "sha256": "ffa91559c19d3f2aab50c69c4b247c15a29376d10b116f6223afb3289b4f91a2",
      "sourceHook": "check_chrome_header_avatar_canonical.sh",
      "bucket": "SHIP_AS_IS"
    },
    {
      "file": "hooks/check_consumer_app_invariants.sh",
      "sha256": "e2d63b142759bf791ca3c4462342d91623827aeb54c15398c94853485684900b",
      "sourceHook": "check_consumer_app_invariants.sh",
      "bucket": "SHIP_AS_IS"
    },
    {
      "file": "hooks/check_ds_anchor_preflight.sh",
      "sha256": "80b9f1be3140da0623b61c00d6f6b5c5f4bdbf3307e2f081ba8f6fc43cad0b52",
      "sourceHook": "check_ds_anchor_preflight.sh",
      "bucket": "SHIP_REWRITTEN"
    },
    {
      "file": "hooks/check_escape_marker_abuse.sh",
      "sha256": "4f9d8dc91275145204f0bc760c4378dd53f7ad4389d89da737aef23f84b2502b",
      "sourceHook": "check_escape_marker_abuse.sh",
      "bucket": "SHIP_REWRITTEN"
    },
    {
      "file": "hooks/check_field_family_invariants.sh",
      "sha256": "1beeb2b347cacf5d8a912470bce0b9ab6b54c2595873155389456cdbe6125d80",
      "sourceHook": "check_field_family_invariants.sh",
      "bucket": "SHIP_AS_IS"
    },
    {
      "file": "hooks/check_fork_product_quality.sh",
      "sha256": "1985d7607de85ae71b07b4b302c27b3dbb51670bbe68421489e27c75a2b64ffa",
      "sourceHook": "check_substantive_edit_approval_preflight.sh",
      "bucket": "REPLACE"
    },
    {
      "file": "hooks/check_item_list_gap.sh",
      "sha256": "4e779e5894f16873f1bc322f64571a7ff869d3b75ed5383a5b0f662c7b533d99",
      "sourceHook": "check_item_list_gap.sh",
      "bucket": "SHIP_AS_IS"
    },
    {
      "file": "hooks/check_layout_space_magic_numbers.sh",
      "sha256": "09c74c67c61a366b14bb1cce2ac27d4b8d0541a8698f85d50e4afe9783ad7309",
      "sourceHook": "check_layout_space_magic_numbers.sh",
      "bucket": "SHIP_AS_IS"
    },
    {
      "file": "hooks/check_opacity_token_usage.sh",
      "sha256": "93123d9244264b821d6d31357c3868d343d7a96182664e02226cccbb8a29d18e",
      "sourceHook": "check_opacity_token_usage.sh",
      "bucket": "SHIP_REWRITTEN"
    },
    {
      "file": "hooks/check_pattern_invariants.sh",
      "sha256": "c6cf3288cbc2bdb689091aef678073470f58b7f1bf98cdefb55afc9724ad277b",
      "sourceHook": "check_pattern_invariants.sh",
      "bucket": "SHIP_AS_IS"
    },
    {
      "file": "hooks/check_sidebar_menu_button_implicit_wrap.sh",
      "sha256": "240807737e9c75bd137a8abd9a7194ffcb4a92b1015f626f14539fd8dbf73ea8",
      "sourceHook": "check_sidebar_menu_button_implicit_wrap.sh",
      "bucket": "SHIP_AS_IS"
    },
    {
      "file": "hooks/check_story_determinism.sh",
      "sha256": "34b56718a1f15b492c410d199a883d561afd4c51d7445994b84c2e6180ba3d4e",
      "sourceHook": "check_story_determinism.sh",
      "bucket": "SHIP_AS_IS"
    },
    {
      "file": "hooks/check_tabs_content_chrome_body_double_gap.sh",
      "sha256": "656e854fc8c3e61afd7da3705f87d169a2ea04979e446ed453114b42b9bdcfb1",
      "sourceHook": "check_tabs_content_chrome_body_double_gap.sh",
      "bucket": "SHIP_AS_IS"
    },
    {
      "file": "hooks/check_tailwind_wildcard_in_docs.sh",
      "sha256": "51fcf04d3adc2a15b6c06312753e51412ed8ff88d088a5e8fe4ec0c784c7aa96",
      "sourceHook": "check_tailwind_wildcard_in_docs.sh",
      "bucket": "SHIP_AS_IS"
    },
    {
      "file": "hooks/inject_deploy_url_after_push.sh",
      "sha256": "f5cd8597574f1b061b132a289337731f7dabac0c6666f1ca611d8316504b401c",
      "sourceHook": "inject_deploy_url_after_push.sh",
      "bucket": "SHIP_REWRITTEN"
    },
    {
      "file": "launchers/fork-governance-dispatcher.sh",
      "sha256": "6a99ad2d7404a4d721a611a19e4537ebfe8cf5e2ddba99edc7f6b386d86e8b5d",
      "source": "template/.claude/hooks"
    },
    {
      "file": "launchers/inject_fork_governance_preamble.sh",
      "sha256": "06bc80989782d15704a562cd9a7b2c13c063c89f1ee3a6bbfc807056825b20c7",
      "source": "template/.claude/hooks"
    },
    {
      "file": "launchers/settings-hooks.json",
      "sha256": "04f328ae97687e112995288bff2c1fa8c9feecf25335f4b63036964209e7b402",
      "source": "template/.claude/settings.json"
    },
    {
      "file": "manifest.json",
      "sha256": "5a8072bafa1d777fe4943f2f21130304101a4a6179270403fae205c4156d583b"
    },
    {
      "file": "preamble.md",
      "sha256": "3bb47d3c88bcdeba13bc61ac6275799c9208c3001771e3652303e49a97fb0604"
    },
    {
      "file": "skills/bug-fix-rhythm/SKILL.md",
      "sha256": "b5cc2fa5b50b533c06583b64d7eaf4efc62d03d3b9088f6a58cd0b796d78c2e2"
    },
    {
      "file": "skills/code-quality-audit/SKILL.md",
      "sha256": "fb65ebf0c72f7b475640f4861a1bfa2e9140727e2ff051fbd58f8348c0dc187d"
    },
    {
      "file": "skills/delivery-handoff/references/flow-diagram.md",
      "sha256": "b750d5117c92a1d0cde53283951a6848a1d3baa69ef6253cdc308a49720281df"
    },
    {
      "file": "skills/delivery-handoff/references/handoff-template.md",
      "sha256": "7985469e96766da72032c7aad84e00efbbe0223dcaf7eb6df680b2f31c4d6a6e"
    },
    {
      "file": "skills/delivery-handoff/references/inventory-checklist.md",
      "sha256": "7be9cbe37788183aad8032373e22f5ca63e05f94f4232784a79f20bc3d122b75"
    },
    {
      "file": "skills/delivery-handoff/SKILL.md",
      "sha256": "9e5c93441f6b56f64d1db46d4b46dc0015a7dd514af952d7e1926087249eaa23"
    },
    {
      "file": "skills/performance-audit/SKILL.md",
      "sha256": "71b63f44f90fa0bfeb1c63e589757bdb917f2d57ea9cf754c9c1b47808716061"
    },
    {
      "file": "skills/product-ui-audit/references/audit-checks.md",
      "sha256": "4dd879a1c983dedc29520762313b22e3b4d38cb395afe8ca1ecb43eb5e52ef83"
    },
    {
      "file": "skills/product-ui-audit/references/common-misuses.md",
      "sha256": "5afa85d18b559d1ccb182b50489bd1744968d07203558f8efbccf4444b46b942"
    },
    {
      "file": "skills/product-ui-audit/references/report-template.md",
      "sha256": "a847aba70e7c8f8cd620420f8d34d7f818070253ece5cdb1010bec16f71f5f57"
    },
    {
      "file": "skills/product-ui-audit/SKILL.md",
      "sha256": "cef077d82f906fd26d1507bbab00f5215a75583780aa893805d3018eef000a05"
    },
    {
      "file": "skills/propose-options/SKILL.md",
      "sha256": "3c0f8a8cef70506802ad67350ecde1ff5f633ddab21c22f3a4f91d923b9b9151"
    },
    {
      "file": "skills/prototype/references/audit-checks.md",
      "sha256": "6f17d6b4bc6ae94eedef8c39b68d4ab1baec92ef1035eeab462e17239c2803e3"
    },
    {
      "file": "skills/prototype/references/benchmark-sources.md",
      "sha256": "5bf8b038d2476c38c72cbb808f75e023655eaa7735d72c3e6071e199307e594b"
    },
    {
      "file": "skills/prototype/references/checkpoints.md",
      "sha256": "b37d72ad57392a6dbc75398bd9f9b92868346245530b8bddfbda4729744def33"
    },
    {
      "file": "skills/prototype/references/evaluation-matrix.md",
      "sha256": "575385e5250ecbe96068a94f71521e5d0bf9a1a33873c79500708ab620067be8"
    },
    {
      "file": "skills/prototype/references/ooux-template.md",
      "sha256": "7fda191d66844a765a67c4eae6c5c5cd54c45a2b40feff68fa54d33e24639486"
    },
    {
      "file": "skills/prototype/references/proposal-template.md",
      "sha256": "ec54bb412c255be03dd0269b708be8e8d4797f8bd58f4954a6dc52f955a9a8c6"
    },
    {
      "file": "skills/prototype/SKILL.md",
      "sha256": "21b6c91550233609274e772f245afa25bbc1aa338cc2a7a135a3577e3b16da77"
    },
    {
      "file": "skills/scan-similar-bugs/SKILL.md",
      "sha256": "79c5125f6d65d9d530c09ba2f19afe60174278448b122f4d4a66f9280c1312ca"
    },
    {
      "file": "skills/ux-audit/SKILL.md",
      "sha256": "28673c2f0207a0fa37f262ae8276d2b120b61c3329ada4d900fd6cdca42e35ed"
    },
    {
      "file": "skills/visual-audit/output/.gitkeep",
      "sha256": "e3b0c44298fc1c149afbf4c8996fb92427ae41e4649b934ca495991b7852b855"
    },
    {
      "file": "skills/visual-audit/references/audit-architecture.md",
      "sha256": "48c931ad559c1e37ecebd08d289509692c79d9c92d2574f65e89bf286b7c95cf"
    },
    {
      "file": "skills/visual-audit/references/visual-checklist.md",
      "sha256": "1d2d366122227b0665135c9a9f3138385d369996ad870ffa1c58402753b22bd0"
    },
    {
      "file": "skills/visual-audit/references/world-class-benchmarks.md",
      "sha256": "bdb46cb8d1f164c141e0e7092932a787674fe5bd4defe88ad2ca91d2cfb76bdf"
    },
    {
      "file": "skills/visual-audit/SKILL.md",
      "sha256": "0e4193dfb3a24609795a3d6a19f0e9d06da06c671a74d2db1afefa21d869ba2d"
    }
  ]
}
